
Microsoft Visual Studio Solution File, Format Version 12.00
# Visual Studio Version 16
VisualStudioVersion = 16.0.31205.134
MinimumVisualStudioVersion = 10.0.40219.1
Project("{FAE04EC0-301F-11D3-BF4B-00C04F79EFBC}") = "lastra-julian_POO_Parcial2", "lastra-julian_POO_Parcial2\lastra-julian_POO_Parcial2.csproj", "{7167B17C-13BB-4A2E-B5BF-A0ACCF66B2A6}"
EndProject
Global
	GlobalSection(SolutionConfigurationPlatforms) = preSolution
		Debug|Any CPU = Debug|Any CPU
		Release|Any CPU = Release|Any CPU
	EndGlobalSection
	GlobalSection(ProjectConfigurationPlatforms) = postSolution
		{7167B17C-13BB-4A2E-B5BF-A0ACCF66B2A6}.Debug|Any CPU.ActiveCfg = Debug|Any CPU
		{7167B17C-13BB-4A2E-B5BF-A0ACCF66B2A6}.Debug|Any CPU.Build.0 = Debug|Any CPU
		{7167B17C-13BB-4A2E-B5BF-A0ACCF66B2A6}.Release|Any CPU.ActiveCfg = Release|Any CPU
		{7167B17C-13BB-4A2E-B5BF-A0ACCF66B2A6}.Release|Any CPU.Build.0 = Release|Any CPU
	EndGlobalSection
	GlobalSection(SolutionProperties) = preSolution
		HideSolutionNode = FALSE
	EndGlobalSection
	GlobalSection(ExtensibilityGlobals) = postSolution
		SolutionGuid = {9F80E7DD-2F34-47B8-8A3E-772492CC1B62}
	EndGlobalSection
EndGlobal
